
Microsoft Visual Studio Solution File, Format Version 12.00
# Visual Studio Version 17
VisualStudioVersion = 17.12.35527.113 d17.12
MinimumVisualStudioVersion = 10.0.40219.1
Project("{FAE04EC0-301F-11D3-BF4B-00C04F79EFBC}") = "TaskTracker", "TaskTracker.csproj", "{8EAC5546-C1AA-4834-9928-9F1A05E8B04B}"
EndProject
Global
	GlobalSection(SolutionConfigurationPlatforms) = preSolution
		Debug|Any CPU = Debug|Any CPU
		Release|Any CPU = Release|Any CPU
	EndGlobalSection
	GlobalSection(ProjectConfigurationPlatforms) = postSolution
		{8EAC5546-C1AA-4834-9928-9F1A05E8B04B}.Debug|Any CPU.ActiveCfg = Debug|Any CPU
		{8EAC5546-C1AA-4834-9928-9F1A05E8B04B}.Debug|Any CPU.Build.0 = Debug|Any CPU
		{8EAC5546-C1AA-4834-9928-9F1A05E8B04B}.Release|Any CPU.ActiveCfg = Release|Any CPU
		{8EAC5546-C1AA-4834-9928-9F1A05E8B04B}.Release|Any CPU.Build.0 = Release|Any CPU
	EndGlobalSection
	GlobalSection(SolutionProperties) = preSolution
		HideSolutionNode = FALSE
	EndGlobalSection
EndGlobal
